// !$*UTF8*$!
{
	archiveVersion = 1;
	classes = {
	};
	objectVersion = 55;
	objects = {

/* Begin PBXBuildFile section */
		FA52C0F82853C7710011FCDD /* ListViewDetails.swift in Sources */ = {isa = PBXBuildFile; fileRef = FA52C0F72853C7710011FCDD /* ListViewDetails.swift */; };
		FA7DB14F2853B010004A35DD /* SuperHeroBookApp.swift in Sources */ = {isa = PBXBuildFile; fileRef = FA7DB14E2853B010004A35DD /* SuperHeroBookApp.swift */; };
		FA7DB1512853B010004A35DD /* ContentView.swift in Sources */ = {isa = PBXBuildFile; fileRef = FA7DB1502853B010004A35DD /* ContentView.swift */; };
		FA7DB1532853B012004A35DD /* Assets.xcassets in Resources */ = {isa = PBXBuildFile; fileRef = FA7DB1522853B012004A35DD /* Assets.xcassets */; };
		FA7DB1562853B012004A35DD /* Preview Assets.xcassets in Resources */ = {isa = PBXBuildFile; fileRef = FA7DB1552853B012004A35DD /* Preview Assets.xcassets */; };
		FA7DB15E2853B066004A35DD /* SuperKahramanHero.swift in Sources */ = {isa = PBXBuildFile; fileRef = FA7DB15D2853B066004A35DD /* SuperKahramanHero.swift */; };
		FA7DB1652853B9D9004A35DD /* imageDetails.swift in Sources */ = {isa = PBXBuildFile; fileRef = FA7DB1642853B9D9004A35DD /* imageDetails.swift */; };
		FA7DB1672853BAD9004A35DD /* DetailsView.swift in Sources */ = {isa = PBXBuildFile; fileRef = FA7DB1662853BAD9004A35DD /* DetailsView.swift */; };
		FA7DB16B2853C2C1004A35DD /* MapDetails.swift in Sources */ = {isa = PBXBuildFile; fileRef = FA7DB16A2853C2C1004A35DD /* MapDetails.swift */; };
/* End PBXBuildFile section */

/* Begin PBXFileReference section */
		FA52C0F72853C7710011FCDD /* ListViewDetails.swift */ = {isa = PBXFileReference; lastKnownFileType = sourcecode.swift; path = ListViewDetails.swift; sourceTree = "<group>"; };
		FA7DB14B2853B010004A35DD /* SuperHeroBook.app */ = {isa = PBXFileReference; explicitFileType = wrapper.application; includeInIndex = 0; path = SuperHeroBook.app; sourceTree = BUILT_PRODUCTS_DIR; };
		FA7DB14E2853B010004A35DD /* SuperHeroBookApp.swift */ = {isa = PBXFileReference; lastKnownFileType = sourcecode.swift; path = SuperHeroBookApp.swift; sourceTree = "<group>"; };
		FA7DB1502853B010004A35DD /* ContentView.swift */ = {isa = PBXFileReference; lastKnownFileType = sourcecode.swift; path = ContentView.swift; sourceTree = "<group>"; };
		FA7DB1522853B012004A35DD /* Assets.xcassets */ = {isa = PBXFileReference; lastKnownFileType = folder.assetcatalog; path = Assets.xcassets; sourceTree = "<group>"; };
		FA7DB1552853B012004A35DD /* Preview Assets.xcassets */ = {isa = PBXFileReference; lastKnownFileType = folder.assetcatalog; path = "Preview Assets.xcassets"; sourceTree = "<group>"; };
		FA7DB15D2853B066004A35DD /* SuperKahramanHero.swift */ = {isa = PBXFileReference; lastKnownFileType = sourcecode.swift; path = SuperKahramanHero.swift; sourceTree = "<group>"; };
		FA7DB1642853B9D9004A35DD /* imageDetails.swift */ = {isa = PBXFileReference; lastKnownFileType = sourcecode.swift; path = imageDetails.swift; sourceTree = "<group>"; };
		FA7DB1662853BAD9004A35DD /* DetailsView.swift */ = {isa = PBXFileReference; lastKnownFileType = sourcecode.swift; path = DetailsView.swift; sourceTree = "<group>"; };
		FA7DB16A2853C2C1004A35DD /* MapDetails.swift */ = {isa = PBXFileReference; lastKnownFileType = sourcecode.swift; path = MapDetails.swift; sourceTree = "<group>"; };
/* End PBXFileReference section */

/* Begin PBXFrameworksBuildPhase section */
		FA7DB1482853B010004A35DD /* Frameworks */ = {
			isa = PBXFrameworksBuildPhase;
			buildActionMask = 2147483647;
			files = (
			);
			runOnlyForDeploymentPostprocessing = 0;
		};
/* End PBXFrameworksBuildPhase section */

/* Begin PBXGroup section */
		FA52C0F92853CAF70011FCDD /* View */ = {
			isa = PBXGroup;
			children = (
				FA7DB1502853B010004A35DD /* ContentView.swift */,
			);
			path = View;
			sourceTree = "<group>";
		};
		FA7DB1422853B010004A35DD = {
			isa = PBXGroup;
			children = (
				FA7DB14D2853B010004A35DD /* SuperHeroBook */,
				FA7DB14C2853B010004A35DD /* Products */,
			);
			sourceTree = "<group>";
		};
		FA7DB14C2853B010004A35DD /* Products */ = {
			isa = PBXGroup;
			children = (
				FA7DB14B2853B010004A35DD /* SuperHeroBook.app */,
			);
			name = Products;
			sourceTree = "<group>";
		};
		FA7DB14D2853B010004A35DD /* SuperHeroBook */ = {
			isa = PBXGroup;
			children = (
				FA52C0F92853CAF70011FCDD /* View */,
				FA7DB1612853B850004A35DD /* Details */,
				FA7DB15C2853B04B004A35DD /* Model */,
				FA7DB1522853B012004A35DD /* Assets.xcassets */,
				FA7DB1542853B012004A35DD /* Preview Content */,
			);
			path = SuperHeroBook;
			sourceTree = "<group>";
		};
		FA7DB1542853B012004A35DD /* Preview Content */ = {
			isa = PBXGroup;
			children = (
				FA7DB1552853B012004A35DD /* Preview Assets.xcassets */,
			);
			path = "Preview Content";
			sourceTree = "<group>";
		};
		FA7DB15C2853B04B004A35DD /* Model */ = {
			isa = PBXGroup;
			children = (
				FA7DB14E2853B010004A35DD /* SuperHeroBookApp.swift */,
				FA7DB15D2853B066004A35DD /* SuperKahramanHero.swift */,
			);
			name = Model;
			sourceTree = "<group>";
		};
		FA7DB1612853B850004A35DD /* Details */ = {
			isa = PBXGroup;
			children = (
				FA7DB1642853B9D9004A35DD /* imageDetails.swift */,
				FA7DB1662853BAD9004A35DD /* DetailsView.swift */,
				FA7DB16A2853C2C1004A35DD /* MapDetails.swift */,
				FA52C0F72853C7710011FCDD /* ListViewDetails.swift */,
			);
			path = Details;
			sourceTree = "<group>";
		};
/* End PBXGroup section */

/* Begin PBXNativeTarget section */
		FA7DB14A2853B010004A35DD /* SuperHeroBook */ = {
			isa = PBXNativeTarget;
			buildConfigurationList = FA7DB1592853B012004A35DD /* Build configuration list for PBXNativeTarget "SuperHeroBook" */;
			buildPhases = (
				FA7DB1472853B010004A35DD /* Sources */,
				FA7DB1482853B010004A35DD /* Frameworks */,
				FA7DB1492853B010004A35DD /* Resources */,
			);
			buildRules = (
			);
			dependencies = (
			);
			name = SuperHeroBook;
			productName = SuperHeroBook;
			productReference = FA7DB14B2853B010004A35DD /* SuperHeroBook.app */;
			productType = "com.apple.product-type.application";
		};
/* End PBXNativeTarget section */

/* Begin PBXProject section */
		FA7DB1432853B010004A35DD /* Project object */ = {
			isa = PBXProject;
			attributes = {
				BuildIndependentTargetsInParallel = 1;
				LastSwiftUpdateCheck = 1340;
				LastUpgradeCheck = 1340;
				TargetAttributes = {
					FA7DB14A2853B010004A35DD = {
						CreatedOnToolsVersion = 13.4;
					};
				};
			};
			buildConfigurationList = FA7DB1462853B010004A35DD /* Build configuration list for PBXProject "SuperHeroBook" */;
			compatibilityVersion = "Xcode 13.0";
			developmentRegion = en;
			hasScannedForEncodings = 0;
			knownRegions = (
				en,
				Base,
			);
			mainGroup = FA7DB1422853B010004A35DD;
			productRefGroup = FA7DB14C2853B010004A35DD /* Products */;
			projectDirPath = "";
			projectRoot = "";
			targets = (
				FA7DB14A2853B010004A35DD /* SuperHeroBook */,
			);
		};
/* End PBXProject section */

/* Begin PBXResourcesBuildPhase section */
		FA7DB1492853B010004A35DD /* Resources */ = {
			isa = PBXResourcesBuildPhase;
			buildActionMask = 2147483647;
			files = (
				FA7DB1562853B012004A35DD /* Preview Assets.xcassets in Resources */,
				FA7DB1532853B012004A35DD /* Assets.xcassets in Resources */,
			);
			runOnlyForDeploymentPostprocessing = 0;
		};
/* End PBXResourcesBuildPhase section */

/* Begin PBXSourcesBuildPhase section */
		FA7DB1472853B010004A35DD /* Sources */ = {
			isa = PBXSourcesBuildPhase;
			buildActionMask = 2147483647;
			files = (
				FA7DB15E2853B066004A35DD /* SuperKahramanHero.swift in Sources */,
				FA7DB1672853BAD9004A35DD /* DetailsView.swift in Sources */,
				FA7DB1512853B010004A35DD /* ContentView.swift in Sources */,
				FA52C0F82853C7710011FCDD /* ListViewDetails.swift in Sources */,
				FA7DB1652853B9D9004A35DD /* imageDetails.swift in Sources */,
				FA7DB14F2853B010004A35DD /* SuperHeroBookApp.swift in Sources */,
				FA7DB16B2853C2C1004A35DD /* MapDetails.swift in Sources */,
			);
			runOnlyForDeploymentPostprocessing = 0;
		};
/* End PBXSourcesBuildPhase section */

/* Begin XCBuildConfiguration section */
		FA7DB1572853B012004A35DD /* Debug */ = {
			isa = XCBuildConfiguration;
			buildSettings = {
				ALWAYS_SEARCH_USER_PATHS = NO;
				CLANG_ANALYZER_NONNULL = YES;
				CLANG_ANALYZER_NUMBER_OBJECT_CONVERSION = YES_AGGRESSIVE;
				CLANG_CXX_LANGUAGE_STANDARD = "gnu++17";
				CLANG_ENABLE_MODULES = YES;
				CLANG_ENABLE_OBJC_ARC = YES;
				CLANG_ENABLE_OBJC_WEAK = YES;
				CLANG_WARN_BLOCK_CAPTURE_AUTORELEASING = YES;
				CLANG_WARN_BOOL_CONVERSION = YES;
				CLANG_WARN_COMMA = YES;
				CLANG_WARN_CONSTANT_CONVERSION = YES;
				CLANG_WARN_DEPRECATED_OBJC_IMPLEMENTATIONS = YES;
				CLANG_WARN_DIRECT_OBJC_ISA_USAGE = YES_ERROR;
				CLANG_WARN_DOCUMENTATION_COMMENTS = YES;
				CLANG_WARN_EMPTY_BODY = YES;
				CLANG_WARN_ENUM_CONVERSION = YES;
				CLANG_WARN_INFINITE_RECURSION = YES;
				CLANG_WARN_INT_CONVERSION = YES;
				CLANG_WARN_NON_LITERAL_NULL_CONVERSION = YES;
				CLANG_WARN_OBJC_IMPLICIT_RETAIN_SELF = YES;
				CLANG_WARN_OBJC_LITERAL_CONVERSION = YES;
				CLANG_WARN_OBJC_ROOT_CLASS = YES_ERROR;
				CLANG_WARN_QUOTED_INCLUDE_IN_FRAMEWORK_HEADER = YES;
				CLANG_WARN_RANGE_LOOP_ANALYSIS = YES;
				CLANG_WARN_STRICT_PROTOTYPES = YES;
				CLANG_WARN_SUSPICIOUS_MOVE = YES;
				CLANG_WARN_UNGUARDED_AVAILABILITY = YES_AGGRESSIVE;
				CLANG_WARN_UNREACHABLE_CODE = YES;
				CLANG_WARN__DUPLICATE_METHOD_MATCH = YES;
				COPY_PHASE_STRIP = NO;
				DEBUG_INFORMATION_FORMAT = dwarf;
				ENABLE_STRICT_OBJC_MSGSEND = YES;
				ENABLE_TESTABILITY = YES;
				GCC_C_LANGUAGE_STANDARD = gnu11;
				GCC_DYNAMIC_NO_PIC = NO;
				GCC_NO_COMMON_BLOCKS = YES;
				GCC_OPTIMIZATION_LEVEL = 0;
				GCC_PREPROCESSOR_DEFINITIONS = (
					"DEBUG=1",
					"$(inherited)",
				);
				GCC_WARN_64_TO_32_BIT_CONVERSION = YES;
				GCC_WARN_ABOUT_RETURN_TYPE = YES_ERROR;
				GCC_WARN_UNDECLARED_SELECTOR = YES;
				GCC_WARN_UNINITIALIZED_AUTOS = YES_AGGRESSIVE;
				GCC_WARN_UNUSED_FUNCTION = YES;
				GCC_WARN_UNUSED_VARIABLE = YES;
				IPHONEOS_DEPLOYMENT_TARGET = 15.5;
				MTL_ENABLE_DEBUG_INFO = INCLUDE_SOURCE;
				MTL_FAST_MATH = YES;
				ONLY_ACTIVE_ARCH = YES;
				SDKROOT = iphoneos;
				SWIFT_ACTIVE_COMPILATION_CONDITIONS = DEBUG;
				SWIFT_OPTIMIZATION_LEVEL = "-Onone";
			};
			name = Debug;
		};
		FA7DB1582853B012004A35DD /* Release */ = {
			isa = XCBuildConfiguration;
			buildSettings = {
				ALWAYS_SEARCH_USER_PATHS = NO;
				CLANG_ANALYZER_NONNULL = YES;
				CLANG_ANALYZER_NUMBER_OBJECT_CONVERSION = YES_AGGRESSIVE;
				CLANG_CXX_LANGUAGE_STANDARD = "gnu++17";
				CLANG_ENABLE_MODULES = YES;
				CLANG_ENABLE_OBJC_ARC = YES;
				CLANG_ENABLE_OBJC_WEAK = YES;
				CLANG_WARN_BLOCK_CAPTURE_AUTORELEASING = YES;
				CLANG_WARN_BOOL_CONVERSION = YES;
				CLANG_WARN_COMMA = YES;
				CLANG_WARN_CONSTANT_CONVERSION = YES;
				CLANG_WARN_DEPRECATED_OBJC_IMPLEMENTATIONS = YES;
				CLANG_WARN_DIRECT_OBJC_ISA_USAGE = YES_ERROR;
				CLANG_WARN_DOCUMENTATION_COMMENTS = YES;
				CLANG_WARN_EMPTY_BODY = YES;
				CLANG_WARN_ENUM_CONVERSION = YES;
				CLANG_WARN_INFINITE_RECURSION = YES;
				CLANG_WARN_INT_CONVERSION = YES;
				CLANG_WARN_NON_LITERAL_NULL_CONVERSION = YES;
				CLANG_WARN_OBJC_IMPLICIT_RETAIN_SELF = YES;
				CLANG_WARN_OBJC_LITERAL_CONVERSION = YES;
				CLANG_WARN_OBJC_ROOT_CLASS = YES_ERROR;
				CLANG_WARN_QUOTED_INCLUDE_IN_FRAMEWORK_HEADER = YES;
				CLANG_WARN_RANGE_LOOP_ANALYSIS = YES;
				CLANG_WARN_STRICT_PROTOTYPES = YES;
				CLANG_WARN_SUSPICIOUS_MOVE = YES;
				CLANG_WARN_UNGUARDED_AVAILABILITY = YES_AGGRESSIVE;
				CLANG_WARN_UNREACHABLE_CODE = YES;
				CLANG_WARN__DUPLICATE_METHOD_MATCH = YES;
				COPY_PHASE_STRIP = NO;
				DEBUG_INFORMATION_FORMAT = "dwarf-with-dsym";
				ENABLE_NS_ASSERTIONS = NO;
				ENABLE_STRICT_OBJC_MSGSEND = YES;
				GCC_C_LANGUAGE_STANDARD = gnu11;
				GCC_NO_COMMON_BLOCKS = YES;
				GCC_WARN_64_TO_32_BIT_CONVERSION = YES;
				GCC_WARN_ABOUT_RETURN_TYPE = YES_ERROR;
				GCC_WARN_UNDECLARED_SELECTOR = YES;
				GCC_WARN_UNINITIALIZED_AUTOS = YES_AGGRESSIVE;
				GCC_WARN_UNUSED_FUNCTION = YES;
				GCC_WARN_UNUSED_VARIABLE = YES;
				IPHONEOS_DEPLOYMENT_TARGET = 15.5;
				MTL_ENABLE_DEBUG_INFO = NO;
				MTL_FAST_MATH = YES;
				SDKROOT = iphoneos;
				SWIFT_COMPILATION_MODE = wholemodule;
				SWIFT_OPTIMIZATION_LEVEL = "-O";
				VALIDATE_PRODUCT = YES;
			};
			name = Release;
		};
		FA7DB15A2853B012004A35DD /* Debug */ = {
			isa = XCBuildConfiguration;
			buildSettings = {
				ASSETCATALOG_COMPILER_APPICON_NAME = AppIcon;
				ASSETCATALOG_COMPILER_GLOBAL_ACCENT_COLOR_NAME = AccentColor;
				CODE_SIGN_STYLE = Automatic;
				CURRENT_PROJECT_VERSION = 1;
				DEVELOPMENT_ASSET_PATHS = "\"SuperHeroBook/Preview Content\"";
				DEVELOPMENT_TEAM = WL3K4A7DH8;
				ENABLE_PREVIEWS = YES;
				GENERATE_INFOPLIST_FILE = YES;
				INFOPLIST_KEY_UIApplicationSceneManifest_Generation = YES;
				INFOPLIST_KEY_UIApplicationSupportsIndirectInputEvents = YES;
				INFOPLIST_KEY_UILaunchScreen_Generation = YES;
				INFOPLIST_KEY_UISupportedInterfaceOrientations_iPad = "UIInterfaceOrientationPortrait UIInterfaceOrientationPortraitUpsideDown UIInterfaceOrientationLandscapeLeft UIInterfaceOrientationLandscapeRight";
				INFOPLIST_KEY_UISupportedInterfaceOrientations_iPhone = "UIInterfaceOrientationPortrait UIInterfaceOrientationLandscapeLeft UIInterfaceOrientationLandscapeRight";
				LD_RUNPATH_SEARCH_PATHS = (
					"$(inherited)",
					"@executable_path/Frameworks",
				);
				MARKETING_VERSION = 1.0;
				PRODUCT_BUNDLE_IDENTIFIER = com.barisdilekci.SuperHeroBook;
				PRODUCT_NAME = "$(TARGET_NAME)";
				SWIFT_EMIT_LOC_STRINGS = YES;
				SWIFT_VERSION = 5.0;
				TARGETED_DEVICE_FAMILY = "1,2";
			};
			name = Debug;
		};
		FA7DB15B2853B012004A35DD /* Release */ = {
			isa = XCBuildConfiguration;
			buildSettings = {
				ASSETCATALOG_COMPILER_APPICON_NAME = AppIcon;
				ASSETCATALOG_COMPILER_GLOBAL_ACCENT_COLOR_NAME = AccentColor;
				CODE_SIGN_STYLE = Automatic;
				CURRENT_PROJECT_VERSION = 1;
				DEVELOPMENT_ASSET_PATHS = "\"SuperHeroBook/Preview Content\"";
				DEVELOPMENT_TEAM = WL3K4A7DH8;
				ENABLE_PREVIEWS = YES;
				GENERATE_INFOPLIST_FILE = YES;
				INFOPLIST_KEY_UIApplicationSceneManifest_Generation = YES;
				INFOPLIST_KEY_UIApplicationSupportsIndirectInputEvents = YES;
				INFOPLIST_KEY_UILaunchScreen_Generation = YES;
				INFOPLIST_KEY_UISupportedInterfaceOrientations_iPad = "UIInterfaceOrientationPortrait UIInterfaceOrientationPortraitUpsideDown UIInterfaceOrientationLandscapeLeft UIInterfaceOrientationLandscapeRight";
				INFOPLIST_KEY_UISupportedInterfaceOrientations_iPhone = "UIInterfaceOrientationPortrait UIInterfaceOrientationLandscapeLeft UIInterfaceOrientationLandscapeRight";
				LD_RUNPATH_SEARCH_PATHS = (
					"$(inherited)",
					"@executable_path/Frameworks",
				);
				MARKETING_VERSION = 1.0;
				PRODUCT_BUNDLE_IDENTIFIER = com.barisdilekci.SuperHeroBook;
				PRODUCT_NAME = "$(TARGET_NAME)";
				SWIFT_EMIT_LOC_STRINGS = YES;
				SWIFT_VERSION = 5.0;
				TARGETED_DEVICE_FAMILY = "1,2";
			};
			name = Release;
		};
/* End XCBuildConfiguration section */

/* Begin XCConfigurationList section */
		FA7DB1462853B010004A35DD /* Build configuration list for PBXProject "SuperHeroBook" */ = {
			isa = XCConfigurationList;
			buildConfigurations = (
				FA7DB1572853B012004A35DD /* Debug */,
				FA7DB1582853B012004A35DD /* Release */,
			);
			defaultConfigurationIsVisible = 0;
			defaultConfigurationName = Release;
		};
		FA7DB1592853B012004A35DD /* Build configuration list for PBXNativeTarget "SuperHeroBook" */ = {
			isa = XCConfigurationList;
			buildConfigurations = (
				FA7DB15A2853B012004A35DD /* Debug */,
				FA7DB15B2853B012004A35DD /* Release */,
			);
			defaultConfigurationIsVisible = 0;
			defaultConfigurationName = Release;
		};
/* End XCConfigurationList section */
	};
	rootObject = FA7DB1432853B010004A35DD /* Project object */;
}
